// !$*UTF8*$!
{
	archiveVersion = 1;
	classes = {
	};
	objectVersion = 46;
	objects = {

/* Begin PBXFileReference section */
		4F0FE5241DB594DC00FF175A /* manifest.json */ = {isa = PBXFileReference; lastKnownFileType = text.json; path = manifest.json; sourceTree = "<group>"; };
		4F0FE5251DB59DEB00FF175A /* newtab.html */ = {isa = PBXFileReference; lastKnownFileType = text.html; path = newtab.html; sourceTree = "<group>"; };
		4F0FE5261DB5B37300FF175A /* birthday.js */ = {isa = PBXFileReference; lastKnownFileType = sourcecode.javascript; path = birthday.js; sourceTree = "<group>"; };
		4F2893EE1DBD78D800DA1599 /* style.css */ = {isa = PBXFileReference; lastKnownFileType = text.css; path = style.css; sourceTree = "<group>"; };
/* End PBXFileReference section */

/* Begin PBXGroup section */
		4F0FE51D1DB591F200FF175A = {
			isa = PBXGroup;
			children = (
				4F0FE5251DB59DEB00FF175A /* newtab.html */,
				4F2893EE1DBD78D800DA1599 /* style.css */,
				4F0FE5261DB5B37300FF175A /* birthday.js */,
				4F0FE5241DB594DC00FF175A /* manifest.json */,
			);
			sourceTree = "<group>";
		};
/* End PBXGroup section */

/* Begin PBXProject section */
		4F0FE51E1DB591F200FF175A /* Project object */ = {
			isa = PBXProject;
			attributes = {
				LastUpgradeCheck = 0800;
			};
			buildConfigurationList = 4F0FE5211DB591F200FF175A /* Build configuration list for PBXProject "Balloon" */;
			compatibilityVersion = "Xcode 3.2";
			developmentRegion = English;
			hasScannedForEncodings = 0;
			knownRegions = (
				en,
			);
			mainGroup = 4F0FE51D1DB591F200FF175A;
			projectDirPath = "";
			projectRoot = "";
			targets = (
			);
		};
/* End PBXProject section */

/* Begin XCBuildConfiguration section */
		4F0FE5221DB591F200FF175A /* Debug */ = {
			isa = XCBuildConfiguration;
			buildSettings = {
			};
			name = Debug;
		};
		4F0FE5231DB591F200FF175A /* Release */ = {
			isa = XCBuildConfiguration;
			buildSettings = {
			};
			name = Release;
		};
/* End XCBuildConfiguration section */

/* Begin XCConfigurationList section */
		4F0FE5211DB591F200FF175A /* Build configuration list for PBXProject "Balloon" */ = {
			isa = XCConfigurationList;
			buildConfigurations = (
				4F0FE5221DB591F200FF175A /* Debug */,
				4F0FE5231DB591F200FF175A /* Release */,
			);
			defaultConfigurationIsVisible = 0;
			defaultConfigurationName = Release;
		};
/* End XCConfigurationList section */
	};
	rootObject = 4F0FE51E1DB591F200FF175A /* Project object */;
}
